
Microsoft Visual Studio Solution File, Format Version 12.00
# Visual Studio Version 17
VisualStudioVersion = 17.14.37012.4 d17.14
MinimumVisualStudioVersion = 10.0.40219.1
Project("{FAE04EC0-301F-11D3-BF4B-00C04F79EFBC}") = "Nexus Launcher", "Nexus Launcher\Nexus Launcher.csproj", "{96D5EF8F-6908-4A7E-B950-C6BEBACE4207}"
EndProject
Global
	GlobalSection(SolutionConfigurationPlatforms) = preSolution
		Debug|Any CPU = Debug|Any CPU
		Release|Any CPU = Release|Any CPU
	EndGlobalSection
	GlobalSection(ProjectConfigurationPlatforms) = postSolution
		{96D5EF8F-6908-4A7E-B950-C6BEBACE4207}.Debug|Any CPU.ActiveCfg = Debug|Any CPU
		{96D5EF8F-6908-4A7E-B950-C6BEBACE4207}.Debug|Any CPU.Build.0 = Debug|Any CPU
		{96D5EF8F-6908-4A7E-B950-C6BEBACE4207}.Release|Any CPU.ActiveCfg = Release|Any CPU
		{96D5EF8F-6908-4A7E-B950-C6BEBACE4207}.Release|Any CPU.Build.0 = Release|Any CPU
	EndGlobalSection
	GlobalSection(SolutionProperties) = preSolution
		HideSolutionNode = FALSE
	EndGlobalSection
	GlobalSection(ExtensibilityGlobals) = postSolution
		SolutionGuid = {E41C66C6-90AD-46A7-A459-ABAFF9E60FCA}
	EndGlobalSection
EndGlobal
